# @generated - this file is auto-generated by `mise lock` https://mise.en.dev/dev-tools/mise-lock.html

[[tools.actionlint]]
version = "1.7.12"
backend = "aqua:rhysd/actionlint"

[tools.actionlint."platforms.linux-arm64"]
checksum = "sha256:325e971b6ba9bfa504672e29be93c24981eeb1c07576d730e9f7c8805afff0c6"
url = "https://github.com/rhysd/actionlint/releases/download/v1.7.12/actionlint_1.7.12_linux_arm64.tar.gz"
provenance = "github-attestations"

[tools.actionlint."platforms.linux-arm64-musl"]
checksum = "sha256:325e971b6ba9bfa504672e29be93c24981eeb1c07576d730e9f7c8805afff0c6"
url = "https://github.com/rhysd/actionlint/releases/download/v1.7.12/actionlint_1.7.12_linux_arm64.tar.gz"
provenance = "github-attestations"

[tools.actionlint."platforms.linux-x64"]
checksum = "sha256:8aca8db96f1b94770f1b0d72b6dddcb1ebb8123cb3712530b08cc387b349a3d8"
url = "https://github.com/rhysd/actionlint/releases/download/v1.7.12/actionlint_1.7.12_linux_amd64.tar.gz"
provenance = "github-attestations"

[tools.actionlint."platforms.linux-x64-baseline"]
checksum = "sha256:8aca8db96f1b94770f1b0d72b6dddcb1ebb8123cb3712530b08cc387b349a3d8"
url = "https://github.com/rhysd/actionlint/releases/download/v1.7.12/actionlint_1.7.12_linux_amd64.tar.gz"
provenance = "github-attestations"

[tools.actionlint."platforms.linux-x64-musl"]
checksum = "sha256:8aca8db96f1b94770f1b0d72b6dddcb1ebb8123cb3712530b08cc387b349a3d8"
url = "https://github.com/rhysd/actionlint/releases/download/v1.7.12/actionlint_1.7.12_linux_amd64.tar.gz"
provenance = "github-attestations"

[tools.actionlint."platforms.linux-x64-musl-baseline"]
checksum = "sha256:8aca8db96f1b94770f1b0d72b6dddcb1ebb8123cb3712530b08cc387b349a3d8"
url = "https://github.com/rhysd/actionlint/releases/download/v1.7.12/actionlint_1.7.12_linux_amd64.tar.gz"
provenance = "github-attestations"

[tools.actionlint."platforms.macos-arm64"]
checksum = "sha256:aba9ced2dee8d27fecca3dc7feb1a7f9a52caefa1eb46f3271ea66b6e0e6953f"
url = "https://github.com/rhysd/actionlint/releases/download/v1.7.12/actionlint_1.7.12_darwin_arm64.tar.gz"
provenance = "github-attestations"

[tools.actionlint."platforms.macos-x64"]
checksum = "sha256:5b44c3bc2255115c9b69e30efc0fecdf498fdb63c5d58e17084fd5f16324c644"
url = "https://github.com/rhysd/actionlint/releases/download/v1.7.12/actionlint_1.7.12_darwin_amd64.tar.gz"
provenance = "github-attestations"

[tools.actionlint."platforms.macos-x64-baseline"]
checksum = "sha256:5b44c3bc2255115c9b69e30efc0fecdf498fdb63c5d58e17084fd5f16324c644"
url = "https://github.com/rhysd/actionlint/releases/download/v1.7.12/actionlint_1.7.12_darwin_amd64.tar.gz"
provenance = "github-attestations"

[tools.actionlint."platforms.windows-x64"]
checksum = "sha256:6e7241b51e6817ea6a047693d8e6fed13b31819c9a0dd6c5a726e1592d22f6e9"
url = "https://github.com/rhysd/actionlint/releases/download/v1.7.12/actionlint_1.7.12_windows_amd64.zip"
provenance = "github-attestations"

[tools.actionlint."platforms.windows-x64-baseline"]
checksum = "sha256:6e7241b51e6817ea6a047693d8e6fed13b31819c9a0dd6c5a726e1592d22f6e9"
url = "https://github.com/rhysd/actionlint/releases/download/v1.7.12/actionlint_1.7.12_windows_amd64.zip"
provenance = "github-attestations"

[[tools.bun]]
version = "1.3.13"
backend = "core:bun"

[tools.bun."platforms.linux-arm64"]
checksum = "sha256:70bae41b3908b0a120e1e58c5c8af30e74afae3b8d11b0d3fdd8e787ddfb4b22"
url = "https://github.com/oven-sh/bun/releases/download/bun-v1.3.13/bun-linux-aarch64.zip"

[tools.bun."platforms.linux-arm64-musl"]
checksum = "sha256:5385e978107ce4934298d8d6afe9bfbb898683f6cc23e6753a0da60bc60c5b81"
url = "https://github.com/oven-sh/bun/releases/download/bun-v1.3.13/bun-linux-aarch64-musl.zip"

[tools.bun."platforms.linux-x64"]
checksum = "sha256:79c0771fa8b92c33aae41e15a0e0d307ea99d0e2f00317c71c6c53237a78e25a"
url = "https://github.com/oven-sh/bun/releases/download/bun-v1.3.13/bun-linux-x64.zip"

[tools.bun."platforms.linux-x64-baseline"]
checksum = "sha256:9d8a24292a7068090205daac0a5a223f5f69736f5287e37bf88d3b4031edc750"
url = "https://github.com/oven-sh/bun/releases/download/bun-v1.3.13/bun-linux-x64-baseline.zip"

[tools.bun."platforms.linux-x64-musl"]
checksum = "sha256:5b91a48f0b00df9fd2da8bff1a795d2659d842da966432969203f25da19d1c74"
url = "https://github.com/oven-sh/bun/releases/download/bun-v1.3.13/bun-linux-x64-musl.zip"

[tools.bun."platforms.linux-x64-musl-baseline"]
checksum = "sha256:88ca7c7ad235b498f549eea2f770f434e9f0f5e9ba95168a2d3a1f235184c394"
url = "https://github.com/oven-sh/bun/releases/download/bun-v1.3.13/bun-linux-x64-musl-baseline.zip"

[tools.bun."platforms.macos-arm64"]
checksum = "sha256:5467e3f65dba526b9fea98f0cce04efafc0c63e169733ec27b876a3ad32da190"
url = "https://github.com/oven-sh/bun/releases/download/bun-v1.3.13/bun-darwin-aarch64.zip"

[tools.bun."platforms.macos-x64"]
checksum = "sha256:e5a6c8b64f419925232d111ecb13e25f0abf55e54f792341f987623fd0778009"
url = "https://github.com/oven-sh/bun/releases/download/bun-v1.3.13/bun-darwin-x64.zip"

[tools.bun."platforms.macos-x64-baseline"]
checksum = "sha256:a98ba6a480f22fda9b343626b906a4e26aa53618bf85d2bc5928ecf2ba45f0ed"
url = "https://github.com/oven-sh/bun/releases/download/bun-v1.3.13/bun-darwin-x64-baseline.zip"

[tools.bun."platforms.windows-x64"]
checksum = "sha256:85b14f3e0584218e9b63407b3aa6b90c4835ec5c32435c1f12cb6fc13667c7c9"
url = "https://github.com/oven-sh/bun/releases/download/bun-v1.3.13/bun-windows-x64.zip"

[tools.bun."platforms.windows-x64-baseline"]
checksum = "sha256:c68c7903c1190101590cc1b2129835f47211b3b37ae87759f2b97d6534aa3ad1"
url = "https://github.com/oven-sh/bun/releases/download/bun-v1.3.13/bun-windows-x64-baseline.zip"

[[tools.hadolint]]
version = "2.14.0"
backend = "aqua:hadolint/hadolint"

[tools.hadolint."platforms.linux-arm64"]
checksum = "sha256:331f1d3511b84a4f1e3d18d52fec284723e4019552f4f47b19322a53ce9a40ed"
url = "https://github.com/hadolint/hadolint/releases/download/v2.14.0/hadolint-linux-arm64"

[tools.hadolint."platforms.linux-arm64-musl"]
checksum = "sha256:331f1d3511b84a4f1e3d18d52fec284723e4019552f4f47b19322a53ce9a40ed"
url = "https://github.com/hadolint/hadolint/releases/download/v2.14.0/hadolint-linux-arm64"

[tools.hadolint."platforms.linux-x64"]
checksum = "sha256:6bf226944684f56c84dd014e8b979d27425c0148f61b3bd99bcc6f39e9dc5a47"
url = "https://github.com/hadolint/hadolint/releases/download/v2.14.0/hadolint-linux-x86_64"

[tools.hadolint."platforms.linux-x64-baseline"]
checksum = "sha256:6bf226944684f56c84dd014e8b979d27425c0148f61b3bd99bcc6f39e9dc5a47"
url = "https://github.com/hadolint/hadolint/releases/download/v2.14.0/hadolint-linux-x86_64"

[tools.hadolint."platforms.linux-x64-musl"]
checksum = "sha256:6bf226944684f56c84dd014e8b979d27425c0148f61b3bd99bcc6f39e9dc5a47"
url = "https://github.com/hadolint/hadolint/releases/download/v2.14.0/hadolint-linux-x86_64"

[tools.hadolint."platforms.linux-x64-musl-baseline"]
checksum = "sha256:6bf226944684f56c84dd014e8b979d27425c0148f61b3bd99bcc6f39e9dc5a47"
url = "https://github.com/hadolint/hadolint/releases/download/v2.14.0/hadolint-linux-x86_64"

[tools.hadolint."platforms.macos-arm64"]
checksum = "sha256:3625e2e9f43dcfe7bd38738a5f5520ed50ce39ed28485266e6803dd7bc197b10"
url = "https://github.com/hadolint/hadolint/releases/download/v2.14.0/hadolint-macos-arm64"

[tools.hadolint."platforms.macos-x64"]
checksum = "sha256:2b69a853433f1eca522ffb921cd490bd1321424d03331fd8390f93b7fb4a02e9"
url = "https://github.com/hadolint/hadolint/releases/download/v2.14.0/hadolint-macos-x86_64"

[tools.hadolint."platforms.macos-x64-baseline"]
checksum = "sha256:2b69a853433f1eca522ffb921cd490bd1321424d03331fd8390f93b7fb4a02e9"
url = "https://github.com/hadolint/hadolint/releases/download/v2.14.0/hadolint-macos-x86_64"

[tools.hadolint."platforms.windows-x64"]
checksum = "sha256:8e0ee174f88edb14f207a68430c7a53c2883ed509cdbde9a3a26fffa140fa5e4"
url = "https://github.com/hadolint/hadolint/releases/download/v2.14.0/hadolint-windows-x86_64.exe"

[tools.hadolint."platforms.windows-x64-baseline"]
checksum = "sha256:8e0ee174f88edb14f207a68430c7a53c2883ed509cdbde9a3a26fffa140fa5e4"
url = "https://github.com/hadolint/hadolint/releases/download/v2.14.0/hadolint-windows-x86_64.exe"

[[tools.hk]]
version = "1.45.0"
backend = "aqua:jdx/hk"

[tools.hk."platforms.linux-arm64"]
checksum = "sha256:22293f9c742f0def32299689022891ced7c5c9d5024c91afd33a83e6f714686c"
url = "https://github.com/jdx/hk/releases/download/v1.45.0/hk-aarch64-unknown-linux-gnu.tar.gz"

[tools.hk."platforms.linux-arm64-musl"]
checksum = "sha256:81b64f76df8a399f926a4158bfcbef0fa28dcd60b40799b9474ca2ab21d89c02"
url = "https://github.com/jdx/hk/releases/download/v1.45.0/hk-aarch64-unknown-linux-musl.tar.gz"

[tools.hk."platforms.linux-x64"]
checksum = "sha256:47a3338403f689cc295d36213cfede4e1098c335d18064416ea9ac2b9739c148"
url = "https://github.com/jdx/hk/releases/download/v1.45.0/hk-x86_64-unknown-linux-gnu.tar.gz"

[tools.hk."platforms.linux-x64-baseline"]
checksum = "sha256:47a3338403f689cc295d36213cfede4e1098c335d18064416ea9ac2b9739c148"
url = "https://github.com/jdx/hk/releases/download/v1.45.0/hk-x86_64-unknown-linux-gnu.tar.gz"

[tools.hk."platforms.linux-x64-musl"]
checksum = "sha256:afdb201d251f35615f00f3880daa5a4e97d7948304473c259245a7123c0fedcf"
url = "https://github.com/jdx/hk/releases/download/v1.45.0/hk-x86_64-unknown-linux-musl.tar.gz"

[tools.hk."platforms.linux-x64-musl-baseline"]
checksum = "sha256:afdb201d251f35615f00f3880daa5a4e97d7948304473c259245a7123c0fedcf"
url = "https://github.com/jdx/hk/releases/download/v1.45.0/hk-x86_64-unknown-linux-musl.tar.gz"

[tools.hk."platforms.macos-arm64"]
checksum = "sha256:17bd1d9eccbfc894c4b0191871a964dc67df80c1bfbee072e5c12d4bb893a8a6"
url = "https://github.com/jdx/hk/releases/download/v1.45.0/hk-aarch64-apple-darwin.tar.gz"

[tools.hk."platforms.windows-x64"]
checksum = "sha256:94c7c460d05748524a96583b656e8dec31a11a30ce6a997b9a5b5d8ec4d1b7e7"
url = "https://github.com/jdx/hk/releases/download/v1.45.0/hk-x86_64-pc-windows-msvc.zip"

[tools.hk."platforms.windows-x64-baseline"]
checksum = "sha256:94c7c460d05748524a96583b656e8dec31a11a30ce6a997b9a5b5d8ec4d1b7e7"
url = "https://github.com/jdx/hk/releases/download/v1.45.0/hk-x86_64-pc-windows-msvc.zip"

[[tools.pkl]]
version = "0.31.1"
backend = "aqua:apple/pkl"

[tools.pkl."platforms.linux-arm64"]
checksum = "sha256:7ef10e743daa921fb94ae7bdb9ec6986f362bf250c55814b9ea2aeb13f2d083e"
url = "https://github.com/apple/pkl/releases/download/0.31.1/pkl-linux-aarch64"

[tools.pkl."platforms.linux-arm64-musl"]
checksum = "sha256:7ef10e743daa921fb94ae7bdb9ec6986f362bf250c55814b9ea2aeb13f2d083e"
url = "https://github.com/apple/pkl/releases/download/0.31.1/pkl-linux-aarch64"

[tools.pkl."platforms.linux-x64"]
checksum = "sha256:618f13955d755cafbfe8c9cba1d27635848cd49dbc6abffd398d2751db1231bf"
url = "https://github.com/apple/pkl/releases/download/0.31.1/pkl-linux-amd64"

[tools.pkl."platforms.linux-x64-baseline"]
checksum = "sha256:618f13955d755cafbfe8c9cba1d27635848cd49dbc6abffd398d2751db1231bf"
url = "https://github.com/apple/pkl/releases/download/0.31.1/pkl-linux-amd64"

[tools.pkl."platforms.linux-x64-musl"]
checksum = "sha256:618f13955d755cafbfe8c9cba1d27635848cd49dbc6abffd398d2751db1231bf"
url = "https://github.com/apple/pkl/releases/download/0.31.1/pkl-linux-amd64"

[tools.pkl."platforms.linux-x64-musl-baseline"]
checksum = "sha256:618f13955d755cafbfe8c9cba1d27635848cd49dbc6abffd398d2751db1231bf"
url = "https://github.com/apple/pkl/releases/download/0.31.1/pkl-linux-amd64"

[tools.pkl."platforms.macos-arm64"]
checksum = "sha256:1b6a5438d9624cd2798a7530721bbbfa27ef72efe5c878a1b6c546c6e7ca0e8f"
url = "https://github.com/apple/pkl/releases/download/0.31.1/pkl-macos-aarch64"

[tools.pkl."platforms.macos-x64"]
checksum = "sha256:22123ed4ae4c03afa8c54c69f77f0bec39b0fa0f67b09d6d148e0a376a2a471d"
url = "https://github.com/apple/pkl/releases/download/0.31.1/pkl-macos-amd64"

[tools.pkl."platforms.macos-x64-baseline"]
checksum = "sha256:22123ed4ae4c03afa8c54c69f77f0bec39b0fa0f67b09d6d148e0a376a2a471d"
url = "https://github.com/apple/pkl/releases/download/0.31.1/pkl-macos-amd64"

[tools.pkl."platforms.windows-x64"]
checksum = "sha256:a8834481667325b44c539dbb758d7365a16389070f343c04b639bbe525ede013"
url = "https://github.com/apple/pkl/releases/download/0.31.1/pkl-windows-amd64.exe"

[tools.pkl."platforms.windows-x64-baseline"]
checksum = "sha256:a8834481667325b44c539dbb758d7365a16389070f343c04b639bbe525ede013"
url = "https://github.com/apple/pkl/releases/download/0.31.1/pkl-windows-amd64.exe"

[[tools.python]]
version = "3.14.2"
backend = "core:python"

[tools.python."platforms.linux-arm64"]
checksum = "sha256:1d243bfab134c9fd3e099780a811079d8c6158283bddde65de2bc5f6eda74f7c"
url = "https://github.com/astral-sh/python-build-standalone/releases/download/20260127/cpython-3.14.2+20260127-aarch64-unknown-linux-gnu-install_only_stripped.tar.gz"
provenance = "github-attestations"

[tools.python."platforms.linux-arm64-musl"]
checksum = "sha256:d1c14930b95e10b10b263fabadefc4ac5965553144c1667775fb097b2675b1b3"
url = "https://github.com/astral-sh/python-build-standalone/releases/download/20260127/cpython-3.14.2+20260127-aarch64-unknown-linux-musl-install_only_stripped.tar.gz"
provenance = "github-attestations"

[tools.python."platforms.linux-x64"]
checksum = "sha256:c2926d6707f4339e3bf30e90437b387712b47e60e9e55bff1dcb36bf7688b01d"
url = "https://github.com/astral-sh/python-build-standalone/releases/download/20260127/cpython-3.14.2+20260127-x86_64-unknown-linux-gnu-install_only_stripped.tar.gz"
provenance = "github-attestations"

[tools.python."platforms.linux-x64-baseline"]
checksum = "sha256:c2926d6707f4339e3bf30e90437b387712b47e60e9e55bff1dcb36bf7688b01d"
url = "https://github.com/astral-sh/python-build-standalone/releases/download/20260127/cpython-3.14.2+20260127-x86_64-unknown-linux-gnu-install_only_stripped.tar.gz"
provenance = "github-attestations"

[tools.python."platforms.linux-x64-musl"]
checksum = "sha256:24015271e47203b9b79249670a847487f997ae8e0a3deacc533ce5fc55d66ea6"
url = "https://github.com/astral-sh/python-build-standalone/releases/download/20260127/cpython-3.14.2+20260127-x86_64-unknown-linux-musl-install_only_stripped.tar.gz"
provenance = "github-attestations"

[tools.python."platforms.linux-x64-musl-baseline"]
checksum = "sha256:24015271e47203b9b79249670a847487f997ae8e0a3deacc533ce5fc55d66ea6"
url = "https://github.com/astral-sh/python-build-standalone/releases/download/20260127/cpython-3.14.2+20260127-x86_64-unknown-linux-musl-install_only_stripped.tar.gz"
provenance = "github-attestations"

[tools.python."platforms.macos-arm64"]
checksum = "sha256:2f82ed0cf902c8a2863a3fc5864909645c761e4e0a96525850c9ef8f7e3b79e7"
url = "https://github.com/astral-sh/python-build-standalone/releases/download/20260127/cpython-3.14.2+20260127-aarch64-apple-darwin-install_only_stripped.tar.gz"
provenance = "github-attestations"

[tools.python."platforms.macos-x64"]
checksum = "sha256:51e886261fb79f64079b20181a7f8adfca738f2b2882882e981b67a165e1809b"
url = "https://github.com/astral-sh/python-build-standalone/releases/download/20260127/cpython-3.14.2+20260127-x86_64-apple-darwin-install_only_stripped.tar.gz"
provenance = "github-attestations"

[tools.python."platforms.macos-x64-baseline"]
checksum = "sha256:51e886261fb79f64079b20181a7f8adfca738f2b2882882e981b67a165e1809b"
url = "https://github.com/astral-sh/python-build-standalone/releases/download/20260127/cpython-3.14.2+20260127-x86_64-apple-darwin-install_only_stripped.tar.gz"
provenance = "github-attestations"

[tools.python."platforms.windows-x64"]
checksum = "sha256:42638ce9bd8c177010c44c7a6a6fb3e1dc0b04ea372089036c689ccb57dc0d09"
url = "https://github.com/astral-sh/python-build-standalone/releases/download/20260127/cpython-3.14.2+20260127-x86_64-pc-windows-msvc-install_only_stripped.tar.gz"
provenance = "github-attestations"

[tools.python."platforms.windows-x64-baseline"]
checksum = "sha256:42638ce9bd8c177010c44c7a6a6fb3e1dc0b04ea372089036c689ccb57dc0d09"
url = "https://github.com/astral-sh/python-build-standalone/releases/download/20260127/cpython-3.14.2+20260127-x86_64-pc-windows-msvc-install_only_stripped.tar.gz"
provenance = "github-attestations"

[[tools.rumdl]]
version = "0.1.86"
backend = "aqua:rvben/rumdl"

[tools.rumdl."platforms.linux-arm64"]
checksum = "sha256:6f41a0f7e1cecc9aeaaf72ca4eebed89778faeed3c27810c944783724232204d"
url = "https://github.com/rvben/rumdl/releases/download/v0.1.86/rumdl-v0.1.86-aarch64-unknown-linux-gnu.tar.gz"
url_api = "https://api.github.com/repos/rvben/rumdl/releases/assets/409766102"
provenance = "github-attestations"

[tools.rumdl."platforms.linux-arm64-musl"]
checksum = "sha256:f5bfc65efc6b9aca7805640686b044450a44b3fde6ed407dfcac11f6ad46f7ca"
url = "https://github.com/rvben/rumdl/releases/download/v0.1.86/rumdl-v0.1.86-aarch64-unknown-linux-musl.tar.gz"
url_api = "https://api.github.com/repos/rvben/rumdl/releases/assets/409766098"
provenance = "github-attestations"

[tools.rumdl."platforms.linux-x64"]
checksum = "sha256:2f411532ab0aac40b2c4c9b5b70cb96061f274771e846dcf6f6d6fe4469b74af"
url = "https://github.com/rvben/rumdl/releases/download/v0.1.86/rumdl-v0.1.86-x86_64-unknown-linux-gnu.tar.gz"
url_api = "https://api.github.com/repos/rvben/rumdl/releases/assets/409766106"
provenance = "github-attestations"

[tools.rumdl."platforms.linux-x64-baseline"]
checksum = "sha256:2f411532ab0aac40b2c4c9b5b70cb96061f274771e846dcf6f6d6fe4469b74af"
url = "https://github.com/rvben/rumdl/releases/download/v0.1.86/rumdl-v0.1.86-x86_64-unknown-linux-gnu.tar.gz"
url_api = "https://api.github.com/repos/rvben/rumdl/releases/assets/409766106"
provenance = "github-attestations"

[tools.rumdl."platforms.linux-x64-musl"]
checksum = "sha256:656ea75efa8a40ca9bfbd824c1518d70735e45c62811b6da7420c79b92ee7031"
url = "https://github.com/rvben/rumdl/releases/download/v0.1.86/rumdl-v0.1.86-x86_64-unknown-linux-musl.tar.gz"
url_api = "https://api.github.com/repos/rvben/rumdl/releases/assets/409766100"
provenance = "github-attestations"

[tools.rumdl."platforms.linux-x64-musl-baseline"]
checksum = "sha256:656ea75efa8a40ca9bfbd824c1518d70735e45c62811b6da7420c79b92ee7031"
url = "https://github.com/rvben/rumdl/releases/download/v0.1.86/rumdl-v0.1.86-x86_64-unknown-linux-musl.tar.gz"
url_api = "https://api.github.com/repos/rvben/rumdl/releases/assets/409766100"
provenance = "github-attestations"

[tools.rumdl."platforms.macos-arm64"]
checksum = "sha256:fc174d937fbdcdbf28591154d73c33cfa0cc0bd69622c91bc30cc1ab0e368366"
url = "https://github.com/rvben/rumdl/releases/download/v0.1.86/rumdl-v0.1.86-aarch64-apple-darwin.tar.gz"
url_api = "https://api.github.com/repos/rvben/rumdl/releases/assets/409766104"
provenance = "github-attestations"

[tools.rumdl."platforms.macos-x64"]
checksum = "sha256:fb83c012472d4aa28c69dd17338ec5b319d85998fe1cda94629fb8932cfb94bd"
url = "https://github.com/rvben/rumdl/releases/download/v0.1.86/rumdl-v0.1.86-x86_64-apple-darwin.tar.gz"
url_api = "https://api.github.com/repos/rvben/rumdl/releases/assets/409766096"
provenance = "github-attestations"

[tools.rumdl."platforms.macos-x64-baseline"]
checksum = "sha256:fb83c012472d4aa28c69dd17338ec5b319d85998fe1cda94629fb8932cfb94bd"
url = "https://github.com/rvben/rumdl/releases/download/v0.1.86/rumdl-v0.1.86-x86_64-apple-darwin.tar.gz"
url_api = "https://api.github.com/repos/rvben/rumdl/releases/assets/409766096"
provenance = "github-attestations"

[tools.rumdl."platforms.windows-x64"]
checksum = "sha256:6c63fa61e10ac2e85d293357dd2b65a96acd4fb5368af2ee2662401904da5a3e"
url = "https://github.com/rvben/rumdl/releases/download/v0.1.86/rumdl-v0.1.86-x86_64-pc-windows-msvc.zip"
url_api = "https://api.github.com/repos/rvben/rumdl/releases/assets/409766107"
provenance = "github-attestations"

[tools.rumdl."platforms.windows-x64-baseline"]
checksum = "sha256:6c63fa61e10ac2e85d293357dd2b65a96acd4fb5368af2ee2662401904da5a3e"
url = "https://github.com/rvben/rumdl/releases/download/v0.1.86/rumdl-v0.1.86-x86_64-pc-windows-msvc.zip"
url_api = "https://api.github.com/repos/rvben/rumdl/releases/assets/409766107"
provenance = "github-attestations"

[[tools.shellcheck]]
version = "0.11.0"
backend = "aqua:koalaman/shellcheck"

[tools.shellcheck."platforms.linux-arm64"]
checksum = "sha256:12b331c1d2db6b9eb13cfca64306b1b157a86eb69db83023e261eaa7e7c14588"
url = "https://github.com/koalaman/shellcheck/releases/download/v0.11.0/shellcheck-v0.11.0.linux.aarch64.tar.xz"

[tools.shellcheck."platforms.linux-arm64-musl"]
checksum = "sha256:12b331c1d2db6b9eb13cfca64306b1b157a86eb69db83023e261eaa7e7c14588"
url = "https://github.com/koalaman/shellcheck/releases/download/v0.11.0/shellcheck-v0.11.0.linux.aarch64.tar.xz"

[tools.shellcheck."platforms.linux-x64"]
checksum = "sha256:8c3be12b05d5c177a04c29e3c78ce89ac86f1595681cab149b65b97c4e227198"
url = "https://github.com/koalaman/shellcheck/releases/download/v0.11.0/shellcheck-v0.11.0.linux.x86_64.tar.xz"

[tools.shellcheck."platforms.linux-x64-baseline"]
checksum = "sha256:8c3be12b05d5c177a04c29e3c78ce89ac86f1595681cab149b65b97c4e227198"
url = "https://github.com/koalaman/shellcheck/releases/download/v0.11.0/shellcheck-v0.11.0.linux.x86_64.tar.xz"

[tools.shellcheck."platforms.linux-x64-musl"]
checksum = "sha256:8c3be12b05d5c177a04c29e3c78ce89ac86f1595681cab149b65b97c4e227198"
url = "https://github.com/koalaman/shellcheck/releases/download/v0.11.0/shellcheck-v0.11.0.linux.x86_64.tar.xz"

[tools.shellcheck."platforms.linux-x64-musl-baseline"]
checksum = "sha256:8c3be12b05d5c177a04c29e3c78ce89ac86f1595681cab149b65b97c4e227198"
url = "https://github.com/koalaman/shellcheck/releases/download/v0.11.0/shellcheck-v0.11.0.linux.x86_64.tar.xz"

[tools.shellcheck."platforms.macos-arm64"]
checksum = "sha256:56affdd8de5527894dca6dc3d7e0a99a873b0f004d7aabc30ae407d3f48b0a79"
url = "https://github.com/koalaman/shellcheck/releases/download/v0.11.0/shellcheck-v0.11.0.darwin.aarch64.tar.xz"

[tools.shellcheck."platforms.macos-x64"]
checksum = "sha256:3c89db4edcab7cf1c27bff178882e0f6f27f7afdf54e859fa041fca10febe4c6"
url = "https://github.com/koalaman/shellcheck/releases/download/v0.11.0/shellcheck-v0.11.0.darwin.x86_64.tar.xz"

[tools.shellcheck."platforms.macos-x64-baseline"]
checksum = "sha256:3c89db4edcab7cf1c27bff178882e0f6f27f7afdf54e859fa041fca10febe4c6"
url = "https://github.com/koalaman/shellcheck/releases/download/v0.11.0/shellcheck-v0.11.0.darwin.x86_64.tar.xz"

[tools.shellcheck."platforms.windows-x64"]
checksum = "sha256:8a4e35ab0b331c85d73567b12f2a444df187f483e5079ceffa6bda1faa2e740e"
url = "https://github.com/koalaman/shellcheck/releases/download/v0.11.0/shellcheck-v0.11.0.zip"

[tools.shellcheck."platforms.windows-x64-baseline"]
checksum = "sha256:8a4e35ab0b331c85d73567b12f2a444df187f483e5079ceffa6bda1faa2e740e"
url = "https://github.com/koalaman/shellcheck/releases/download/v0.11.0/shellcheck-v0.11.0.zip"

[[tools.uv]]
version = "0.11.8"
backend = "aqua:astral-sh/uv"

[tools.uv."platforms.linux-arm64"]
checksum = "sha256:29418befb64f926a2dba3473e8e69acd00b36fb845d85344ef11321a993ad8f5"
url = "https://github.com/astral-sh/uv/releases/download/0.11.8/uv-aarch64-unknown-linux-musl.tar.gz"
provenance = "github-attestations"

[tools.uv."platforms.linux-arm64-musl"]
checksum = "sha256:29418befb64f926a2dba3473e8e69acd00b36fb845d85344ef11321a993ad8f5"
url = "https://github.com/astral-sh/uv/releases/download/0.11.8/uv-aarch64-unknown-linux-musl.tar.gz"
provenance = "github-attestations"

[tools.uv."platforms.linux-x64"]
checksum = "sha256:de82507d12e31cfc86c1c776238f7c248e48e40d996dedc812d64fdd31c6ed12"
url = "https://github.com/astral-sh/uv/releases/download/0.11.8/uv-x86_64-unknown-linux-musl.tar.gz"
provenance = "github-attestations"

[tools.uv."platforms.linux-x64-baseline"]
checksum = "sha256:de82507d12e31cfc86c1c776238f7c248e48e40d996dedc812d64fdd31c6ed12"
url = "https://github.com/astral-sh/uv/releases/download/0.11.8/uv-x86_64-unknown-linux-musl.tar.gz"
provenance = "github-attestations"

[tools.uv."platforms.linux-x64-musl"]
checksum = "sha256:de82507d12e31cfc86c1c776238f7c248e48e40d996dedc812d64fdd31c6ed12"
url = "https://github.com/astral-sh/uv/releases/download/0.11.8/uv-x86_64-unknown-linux-musl.tar.gz"
provenance = "github-attestations"

[tools.uv."platforms.linux-x64-musl-baseline"]
checksum = "sha256:de82507d12e31cfc86c1c776238f7c248e48e40d996dedc812d64fdd31c6ed12"
url = "https://github.com/astral-sh/uv/releases/download/0.11.8/uv-x86_64-unknown-linux-musl.tar.gz"
provenance = "github-attestations"

[tools.uv."platforms.macos-arm64"]
checksum = "sha256:c729adb365114e844dd7f9316313a7ed6443b89bb5681d409eebac78b0bd06c8"
url = "https://github.com/astral-sh/uv/releases/download/0.11.8/uv-aarch64-apple-darwin.tar.gz"
provenance = "github-attestations"

[tools.uv."platforms.macos-x64"]
checksum = "sha256:c59d73bf34b58bc8e33a11629f7a255c11789fd00f03cd3e68ab2d1603645de9"
url = "https://github.com/astral-sh/uv/releases/download/0.11.8/uv-x86_64-apple-darwin.tar.gz"
provenance = "github-attestations"

[tools.uv."platforms.macos-x64-baseline"]
checksum = "sha256:c59d73bf34b58bc8e33a11629f7a255c11789fd00f03cd3e68ab2d1603645de9"
url = "https://github.com/astral-sh/uv/releases/download/0.11.8/uv-x86_64-apple-darwin.tar.gz"
provenance = "github-attestations"

[tools.uv."platforms.windows-x64"]
checksum = "sha256:c84629a56e0706b69a47ea35862208af827cb6fbfa1d0ca763c52c67594637e8"
url = "https://github.com/astral-sh/uv/releases/download/0.11.8/uv-x86_64-pc-windows-msvc.zip"
provenance = "github-attestations"

[tools.uv."platforms.windows-x64-baseline"]
checksum = "sha256:c84629a56e0706b69a47ea35862208af827cb6fbfa1d0ca763c52c67594637e8"
url = "https://github.com/astral-sh/uv/releases/download/0.11.8/uv-x86_64-pc-windows-msvc.zip"
provenance = "github-attestations"

[[tools.zizmor]]
version = "1.24.1"
backend = "aqua:zizmorcore/zizmor"

[tools.zizmor."platforms.linux-arm64"]
checksum = "sha256:d66e37ef8a375fb07939c630ebf9709a6e0f20242bdc3faf672a7ed97e0b768d"
url = "https://github.com/zizmorcore/zizmor/releases/download/v1.24.1/zizmor-aarch64-unknown-linux-gnu.tar.gz"
provenance = "github-attestations"

[tools.zizmor."platforms.linux-arm64-musl"]
provenance = "github-attestations"

[tools.zizmor."platforms.linux-x64"]
checksum = "sha256:a8000f3c683319a523d3b20df0e75457ba591f049cfcbfa98966631b56733c03"
url = "https://github.com/zizmorcore/zizmor/releases/download/v1.24.1/zizmor-x86_64-unknown-linux-gnu.tar.gz"
provenance = "github-attestations"

[tools.zizmor."platforms.linux-x64-baseline"]
checksum = "sha256:a8000f3c683319a523d3b20df0e75457ba591f049cfcbfa98966631b56733c03"
url = "https://github.com/zizmorcore/zizmor/releases/download/v1.24.1/zizmor-x86_64-unknown-linux-gnu.tar.gz"
provenance = "github-attestations"

[tools.zizmor."platforms.linux-x64-musl"]
provenance = "github-attestations"

[tools.zizmor."platforms.linux-x64-musl-baseline"]
provenance = "github-attestations"

[tools.zizmor."platforms.macos-arm64"]
checksum = "sha256:fc4ea59e18bc028dddb5f710b16dbc361b01ff1e7a20c03b8e5778366ca9f4e1"
url = "https://github.com/zizmorcore/zizmor/releases/download/v1.24.1/zizmor-aarch64-apple-darwin.tar.gz"
provenance = "github-attestations"

[tools.zizmor."platforms.macos-x64"]
checksum = "sha256:721ba70d7fca753aeef1a4ee959a9bc20c55784d4faa6c56e66129a2611fd52f"
url = "https://github.com/zizmorcore/zizmor/releases/download/v1.24.1/zizmor-x86_64-apple-darwin.tar.gz"
provenance = "github-attestations"

[tools.zizmor."platforms.macos-x64-baseline"]
checksum = "sha256:721ba70d7fca753aeef1a4ee959a9bc20c55784d4faa6c56e66129a2611fd52f"
url = "https://github.com/zizmorcore/zizmor/releases/download/v1.24.1/zizmor-x86_64-apple-darwin.tar.gz"
provenance = "github-attestations"

[tools.zizmor."platforms.windows-x64"]
checksum = "sha256:b777ec2cb1098139ba74b32e30d11ed149c69ab692d23788c466d4a31704bd4b"
url = "https://github.com/zizmorcore/zizmor/releases/download/v1.24.1/zizmor-x86_64-pc-windows-msvc.zip"
provenance = "github-attestations"

[tools.zizmor."platforms.windows-x64-baseline"]
checksum = "sha256:b777ec2cb1098139ba74b32e30d11ed149c69ab692d23788c466d4a31704bd4b"
url = "https://github.com/zizmorcore/zizmor/releases/download/v1.24.1/zizmor-x86_64-pc-windows-msvc.zip"
provenance = "github-attestations"
